
Microsoft Visual Studio Solution File, Format Version 12.00
# Visual Studio Version 17
VisualStudioVersion = 17.5.002.0
MinimumVisualStudioVersion = 10.0.40219.1
Project("{9A19103F-16F7-4668-BE54-9A1E7A4F7556}") = "JobHuntingAssistant", "JobHuntingAssistant\JobHuntingAssistant.csproj", "{D5B26F69-D58C-4EBD-A3AF-5C70107B9DD9}"
EndProject
Project("{FAE04EC0-301F-11D3-BF4B-00C04F79EFBC}") = "JobHuntingAssistant.Tests", "JobHuntingAssistant.Tests\JobHuntingAssistant.Tests.csproj", "{05420B2E-C37A-4585-B923-DBDCFB134DCC}"
EndProject
Global
	GlobalSection(SolutionConfigurationPlatforms) = preSolution
		Debug|Any CPU = Debug|Any CPU
		Release|Any CPU = Release|Any CPU
	EndGlobalSection
	GlobalSection(ProjectConfigurationPlatforms) = postSolution
		{D5B26F69-D58C-4EBD-A3AF-5C70107B9DD9}.Debug|Any CPU.ActiveCfg = Debug|Any CPU
		{D5B26F69-D58C-4EBD-A3AF-5C70107B9DD9}.Debug|Any CPU.Build.0 = Debug|Any CPU
		{D5B26F69-D58C-4EBD-A3AF-5C70107B9DD9}.Release|Any CPU.ActiveCfg = Release|Any CPU
		{D5B26F69-D58C-4EBD-A3AF-5C70107B9DD9}.Release|Any CPU.Build.0 = Release|Any CPU
		{05420B2E-C37A-4585-B923-DBDCFB134DCC}.Debug|Any CPU.ActiveCfg = Debug|Any CPU
		{05420B2E-C37A-4585-B923-DBDCFB134DCC}.Debug|Any CPU.Build.0 = Debug|Any CPU
		{05420B2E-C37A-4585-B923-DBDCFB134DCC}.Release|Any CPU.ActiveCfg = Release|Any CPU
		{05420B2E-C37A-4585-B923-DBDCFB134DCC}.Release|Any CPU.Build.0 = Release|Any CPU
	EndGlobalSection
	GlobalSection(SolutionProperties) = preSolution
		HideSolutionNode = FALSE
	EndGlobalSection
	GlobalSection(ExtensibilityGlobals) = postSolution
		SolutionGuid = {34614D3B-DD1D-4CC7-AD93-B08E64A99BA5}
	EndGlobalSection
EndGlobal
